
Microsoft Visual Studio Solution File, Format Version 12.00
# Visual Studio Version 17
VisualStudioVersion = 17.14.36623.8 d17.14
MinimumVisualStudioVersion = 10.0.40219.1
Project("{FAE04EC0-301F-11D3-BF4B-00C04F79EFBC}") = "MyGuitarShop.Api", "MyGuitarShop.Api.csproj", "{C0C6BAF0-BA9D-4842-B8AD-E34692D84213}"
EndProject
Project("{FAE04EC0-301F-11D3-BF4B-00C04F79EFBC}") = "MyGuitarShop.Common", "..\MyGuitarShop.Common\MyGuitarShop.Common.csproj", "{10739ADE-794F-4E57-A557-9D34E137DDE7}"
EndProject
Project("{FAE04EC0-301F-11D3-BF4B-00C04F79EFBC}") = "MyGuitarShop.Data.Ado", "..\MyGuitarShop.Data.Ado\MyGuitarShop.Data.Ado.csproj", "{6483C60E-F146-4EED-AE35-FD399C7C701E}"
EndProject
Global
	GlobalSection(SolutionConfigurationPlatforms) = preSolution
		Debug|Any CPU = Debug|Any CPU
		Release|Any CPU = Release|Any CPU
	EndGlobalSection
	GlobalSection(ProjectConfigurationPlatforms) = postSolution
		{C0C6BAF0-BA9D-4842-B8AD-E34692D84213}.Debug|Any CPU.ActiveCfg = Debug|Any CPU
		{C0C6BAF0-BA9D-4842-B8AD-E34692D84213}.Debug|Any CPU.Build.0 = Debug|Any CPU
		{C0C6BAF0-BA9D-4842-B8AD-E34692D84213}.Release|Any CPU.ActiveCfg = Release|Any CPU
		{C0C6BAF0-BA9D-4842-B8AD-E34692D84213}.Release|Any CPU.Build.0 = Release|Any CPU
		{10739ADE-794F-4E57-A557-9D34E137DDE7}.Debug|Any CPU.ActiveCfg = Debug|Any CPU
		{10739ADE-794F-4E57-A557-9D34E137DDE7}.Debug|Any CPU.Build.0 = Debug|Any CPU
		{10739ADE-794F-4E57-A557-9D34E137DDE7}.Release|Any CPU.ActiveCfg = Release|Any CPU
		{10739ADE-794F-4E57-A557-9D34E137DDE7}.Release|Any CPU.Build.0 = Release|Any CPU
		{6483C60E-F146-4EED-AE35-FD399C7C701E}.Debug|Any CPU.ActiveCfg = Debug|Any CPU
		{6483C60E-F146-4EED-AE35-FD399C7C701E}.Debug|Any CPU.Build.0 = Debug|Any CPU
		{6483C60E-F146-4EED-AE35-FD399C7C701E}.Release|Any CPU.ActiveCfg = Release|Any CPU
		{6483C60E-F146-4EED-AE35-FD399C7C701E}.Release|Any CPU.Build.0 = Release|Any CPU
	EndGlobalSection
	GlobalSection(SolutionProperties) = preSolution
		HideSolutionNode = FALSE
	EndGlobalSection
	GlobalSection(ExtensibilityGlobals) = postSolution
		SolutionGuid = {92320F73-B2D3-422A-B183-66A2EF70D102}
	EndGlobalSection
EndGlobal
